
Microsoft Visual Studio Solution File, Format Version 10.00
# Visual Studio 2008
Project("{FAE04EC0-301F-11D3-BF4B-00C04F79EFBC}") = "Demo_AJAX_Calendar", "Demo_AJAX_Calendar\Demo_AJAX_Calendar.csproj", "{34ACF038-9271-4918-BB25-356773BBB004}"
EndProject
Global
	GlobalSection(SolutionConfigurationPlatforms) = preSolution
		Debug|Any CPU = Debug|Any CPU
		Release|Any CPU = Release|Any CPU
	EndGlobalSection
	GlobalSection(ProjectConfigurationPlatforms) = postSolution
		{34ACF038-9271-4918-BB25-356773BBB004}.Debug|Any CPU.ActiveCfg = Debug|Any CPU
		{34ACF038-9271-4918-BB25-356773BBB004}.Debug|Any CPU.Build.0 = Debug|Any CPU
		{34ACF038-9271-4918-BB25-356773BBB004}.Release|Any CPU.ActiveCfg = Release|Any CPU
		{34ACF038-9271-4918-BB25-356773BBB004}.Release|Any CPU.Build.0 = Release|Any CPU
	EndGlobalSection
	GlobalSection(SolutionProperties) = preSolution
		HideSolutionNode = FALSE
	EndGlobalSection
EndGlobal
