
Microsoft Visual Studio Solution File, Format Version 10.00
# Visual Studio 2008
Project("{FAE04EC0-301F-11D3-BF4B-00C04F79EFBC}") = "Demo_AJAX_Animation", "Demo_AJAX_Animation\Demo_AJAX_Animation.csproj", "{9534E200-6234-4EAE-9825-AA27334C11D0}"
EndProject
Global
	GlobalSection(SolutionConfigurationPlatforms) = preSolution
		Debug|Any CPU = Debug|Any CPU
		Release|Any CPU = Release|Any CPU
	EndGlobalSection
	GlobalSection(ProjectConfigurationPlatforms) = postSolution
		{9534E200-6234-4EAE-9825-AA27334C11D0}.Debug|Any CPU.ActiveCfg = Debug|Any CPU
		{9534E200-6234-4EAE-9825-AA27334C11D0}.Debug|Any CPU.Build.0 = Debug|Any CPU
		{9534E200-6234-4EAE-9825-AA27334C11D0}.Release|Any CPU.ActiveCfg = Release|Any CPU
		{9534E200-6234-4EAE-9825-AA27334C11D0}.Release|Any CPU.Build.0 = Release|Any CPU
	EndGlobalSection
	GlobalSection(SolutionProperties) = preSolution
		HideSolutionNode = FALSE
	EndGlobalSection
EndGlobal
